// !$*UTF8*$!
{
	archiveVersion = 1;
	classes = {
	};
	objectVersion = 55;
	objects = {

/* Begin PBXBuildFile section */
		A52DBD5128641E4E00436566 /* Tests_iOS.swift in Sources */ = {isa = PBXBuildFile; fileRef = A52DBD5028641E4E00436566 /* Tests_iOS.swift */; };
		A52DBD5328641E4E00436566 /* Tests_iOSLaunchTests.swift in Sources */ = {isa = PBXBuildFile; fileRef = A52DBD5228641E4E00436566 /* Tests_iOSLaunchTests.swift */; };
		A52DBD5D28641E4E00436566 /* Tests_macOS.swift in Sources */ = {isa = PBXBuildFile; fileRef = A52DBD5C28641E4E00436566 /* Tests_macOS.swift */; };
		A52DBD5F28641E4E00436566 /* Tests_macOSLaunchTests.swift in Sources */ = {isa = PBXBuildFile; fileRef = A52DBD5E28641E4E00436566 /* Tests_macOSLaunchTests.swift */; };
		A52DBD6028641E4E00436566 /* iOS_Simple_AppApp.swift in Sources */ = {isa = PBXBuildFile; fileRef = A52DBD3828641E4C00436566 /* iOS_Simple_AppApp.swift */; };
		A52DBD6128641E4E00436566 /* iOS_Simple_AppApp.swift in Sources */ = {isa = PBXBuildFile; fileRef = A52DBD3828641E4C00436566 /* iOS_Simple_AppApp.swift */; };
		A52DBD6228641E4E00436566 /* ContentView.swift in Sources */ = {isa = PBXBuildFile; fileRef = A52DBD3928641E4C00436566 /* ContentView.swift */; };
		A52DBD6328641E4E00436566 /* ContentView.swift in Sources */ = {isa = PBXBuildFile; fileRef = A52DBD3928641E4C00436566 /* ContentView.swift */; };
		A52DBD6428641E4E00436566 /* Assets.xcassets in Resources */ = {isa = PBXBuildFile; fileRef = A52DBD3A28641E4E00436566 /* Assets.xcassets */; };
		A52DBD6528641E4E00436566 /* Assets.xcassets in Resources */ = {isa = PBXBuildFile; fileRef = A52DBD3A28641E4E00436566 /* Assets.xcassets */; };
/* End PBXBuildFile section */

/* Begin PBXContainerItemProxy section */
		A52DBD4D28641E4E00436566 /* PBXContainerItemProxy */ = {
			isa = PBXContainerItemProxy;
			containerPortal = A52DBD3328641E4C00436566 /* Project object */;
			proxyType = 1;
			remoteGlobalIDString = A52DBD3E28641E4E00436566;
			remoteInfo = "iOS Simple App (iOS)";
		};
		A52DBD5928641E4E00436566 /* PBXContainerItemProxy */ = {
			isa = PBXContainerItemProxy;
			containerPortal = A52DBD3328641E4C00436566 /* Project object */;
			proxyType = 1;
			remoteGlobalIDString = A52DBD4428641E4E00436566;
			remoteInfo = "iOS Simple App (macOS)";
		};
/* End PBXContainerItemProxy section */

/* Begin PBXFileReference section */
		A52DBD3828641E4C00436566 /* iOS_Simple_AppApp.swift */ = {isa = PBXFileReference; lastKnownFileType = sourcecode.swift; path = iOS_Simple_AppApp.swift; sourceTree = "<group>"; };
		A52DBD3928641E4C00436566 /* ContentView.swift */ = {isa = PBXFileReference; lastKnownFileType = sourcecode.swift; path = ContentView.swift; sourceTree = "<group>"; };
		A52DBD3A28641E4E00436566 /* Assets.xcassets */ = {isa = PBXFileReference; lastKnownFileType = folder.assetcatalog; path = Assets.xcassets; sourceTree = "<group>"; };
		A52DBD3F28641E4E00436566 /* iOS Simple App.app */ = {isa = PBXFileReference; explicitFileType = wrapper.application; includeInIndex = 0; path = "iOS Simple App.app"; sourceTree = BUILT_PRODUCTS_DIR; };
		A52DBD4528641E4E00436566 /* iOS Simple App.app */ = {isa = PBXFileReference; explicitFileType = wrapper.application; includeInIndex = 0; path = "iOS Simple App.app"; sourceTree = BUILT_PRODUCTS_DIR; };
		A52DBD4728641E4E00436566 /* macOS.entitlements */ = {isa = PBXFileReference; lastKnownFileType = text.plist.entitlements; path = macOS.entitlements; sourceTree = "<group>"; };
		A52DBD4C28641E4E00436566 /* Tests iOS.xctest */ = {isa = PBXFileReference; explicitFileType = wrapper.cfbundle; includeInIndex = 0; path = "Tests iOS.xctest"; sourceTree = BUILT_PRODUCTS_DIR; };
		A52DBD5028641E4E00436566 /* Tests_iOS.swift */ = {isa = PBXFileReference; lastKnownFileType = sourcecode.swift; path = Tests_iOS.swift; sourceTree = "<group>"; };
		A52DBD5228641E4E00436566 /* Tests_iOSLaunchTests.swift */ = {isa = PBXFileReference; lastKnownFileType = sourcecode.swift; path = Tests_iOSLaunchTests.swift; sourceTree = "<group>"; };
		A52DBD5828641E4E00436566 /* Tests macOS.xctest */ = {isa = PBXFileReference; explicitFileType = wrapper.cfbundle; includeInIndex = 0; path = "Tests macOS.xctest"; sourceTree = BUILT_PRODUCTS_DIR; };
		A52DBD5C28641E4E00436566 /* Tests_macOS.swift */ = {isa = PBXFileReference; lastKnownFileType = sourcecode.swift; path = Tests_macOS.swift; sourceTree = "<group>"; };
		A52DBD5E28641E4E00436566 /* Tests_macOSLaunchTests.swift */ = {isa = PBXFileReference; lastKnownFileType = sourcecode.swift; path = Tests_macOSLaunchTests.swift; sourceTree = "<group>"; };
/* End PBXFileReference section */

/* Begin PBXFrameworksBuildPhase section */
		A52DBD3C28641E4E00436566 /* Frameworks */ = {
			isa = PBXFrameworksBuildPhase;
			buildActionMask = 2147483647;
			files = (
			);
			runOnlyForDeploymentPostprocessing = 0;
		};
		A52DBD4228641E4E00436566 /* Frameworks */ = {
			isa = PBXFrameworksBuildPhase;
			buildActionMask = 2147483647;
			files = (
			);
			runOnlyForDeploymentPostprocessing = 0;
		};
		A52DBD4928641E4E00436566 /* Frameworks */ = {
			isa = PBXFrameworksBuildPhase;
			buildActionMask = 2147483647;
			files = (
			);
			runOnlyForDeploymentPostprocessing = 0;
		};
		A52DBD5528641E4E00436566 /* Frameworks */ = {
			isa = PBXFrameworksBuildPhase;
			buildActionMask = 2147483647;
			files = (
			);
			runOnlyForDeploymentPostprocessing = 0;
		};
/* End PBXFrameworksBuildPhase section */

/* Begin PBXGroup section */
		A52DBD3228641E4C00436566 = {
			isa = PBXGroup;
			children = (
				A52DBD3728641E4C00436566 /* Shared */,
				A52DBD4628641E4E00436566 /* macOS */,
				A52DBD4F28641E4E00436566 /* Tests iOS */,
				A52DBD5B28641E4E00436566 /* Tests macOS */,
				A52DBD4028641E4E00436566 /* Products */,
			);
			sourceTree = "<group>";
		};
		A52DBD3728641E4C00436566 /* Shared */ = {
			isa = PBXGroup;
			children = (
				A52DBD3828641E4C00436566 /* iOS_Simple_AppApp.swift */,
				A52DBD3928641E4C00436566 /* ContentView.swift */,
				A52DBD3A28641E4E00436566 /* Assets.xcassets */,
			);
			path = Shared;
			sourceTree = "<group>";
		};
		A52DBD4028641E4E00436566 /* Products */ = {
			isa = PBXGroup;
			children = (
				A52DBD3F28641E4E00436566 /* iOS Simple App.app */,
				A52DBD4528641E4E00436566 /* iOS Simple App.app */,
				A52DBD4C28641E4E00436566 /* Tests iOS.xctest */,
				A52DBD5828641E4E00436566 /* Tests macOS.xctest */,
			);
			name = Products;
			sourceTree = "<group>";
		};
		A52DBD4628641E4E00436566 /* macOS */ = {
			isa = PBXGroup;
			children = (
				A52DBD4728641E4E00436566 /* macOS.entitlements */,
			);
			path = macOS;
			sourceTree = "<group>";
		};
		A52DBD4F28641E4E00436566 /* Tests iOS */ = {
			isa = PBXGroup;
			children = (
				A52DBD5028641E4E00436566 /* Tests_iOS.swift */,
				A52DBD5228641E4E00436566 /* Tests_iOSLaunchTests.swift */,
			);
			path = "Tests iOS";
			sourceTree = "<group>";
		};
		A52DBD5B28641E4E00436566 /* Tests macOS */ = {
			isa = PBXGroup;
			children = (
				A52DBD5C28641E4E00436566 /* Tests_macOS.swift */,
				A52DBD5E28641E4E00436566 /* Tests_macOSLaunchTests.swift */,
			);
			path = "Tests macOS";
			sourceTree = "<group>";
		};
/* End PBXGroup section */

/* Begin PBXNativeTarget section */
		A52DBD3E28641E4E00436566 /* iOS Simple App (iOS) */ = {
			isa = PBXNativeTarget;
			buildConfigurationList = A52DBD6828641E4E00436566 /* Build configuration list for PBXNativeTarget "iOS Simple App (iOS)" */;
			buildPhases = (
				A52DBD3B28641E4E00436566 /* Sources */,
				A52DBD3C28641E4E00436566 /* Frameworks */,
				A52DBD3D28641E4E00436566 /* Resources */,
			);
			buildRules = (
			);
			dependencies = (
			);
			name = "iOS Simple App (iOS)";
			productName = "iOS Simple App (iOS)";
			productReference = A52DBD3F28641E4E00436566 /* iOS Simple App.app */;
			productType = "com.apple.product-type.application";
		};
		A52DBD4428641E4E00436566 /* iOS Simple App (macOS) */ = {
			isa = PBXNativeTarget;
			buildConfigurationList = A52DBD6B28641E4E00436566 /* Build configuration list for PBXNativeTarget "iOS Simple App (macOS)" */;
			buildPhases = (
				A52DBD4128641E4E00436566 /* Sources */,
				A52DBD4228641E4E00436566 /* Frameworks */,
				A52DBD4328641E4E00436566 /* Resources */,
			);
			buildRules = (
			);
			dependencies = (
			);
			name = "iOS Simple App (macOS)";
			productName = "iOS Simple App (macOS)";
			productReference = A52DBD4528641E4E00436566 /* iOS Simple App.app */;
			productType = "com.apple.product-type.application";
		};
		A52DBD4B28641E4E00436566 /* Tests iOS */ = {
			isa = PBXNativeTarget;
			buildConfigurationList = A52DBD6E28641E4E00436566 /* Build configuration list for PBXNativeTarget "Tests iOS" */;
			buildPhases = (
				A52DBD4828641E4E00436566 /* Sources */,
				A52DBD4928641E4E00436566 /* Frameworks */,
				A52DBD4A28641E4E00436566 /* Resources */,
			);
			buildRules = (
			);
			dependencies = (
				A52DBD4E28641E4E00436566 /* PBXTargetDependency */,
			);
			name = "Tests iOS";
			productName = "Tests iOS";
			productReference = A52DBD4C28641E4E00436566 /* Tests iOS.xctest */;
			productType = "com.apple.product-type.bundle.ui-testing";
		};
		A52DBD5728641E4E00436566 /* Tests macOS */ = {
			isa = PBXNativeTarget;
			buildConfigurationList = A52DBD7128641E4E00436566 /* Build configuration list for PBXNativeTarget "Tests macOS" */;
			buildPhases = (
				A52DBD5428641E4E00436566 /* Sources */,
				A52DBD5528641E4E00436566 /* Frameworks */,
				A52DBD5628641E4E00436566 /* Resources */,
			);
			buildRules = (
			);
			dependencies = (
				A52DBD5A28641E4E00436566 /* PBXTargetDependency */,
			);
			name = "Tests macOS";
			productName = "Tests macOS";
			productReference = A52DBD5828641E4E00436566 /* Tests macOS.xctest */;
			productType = "com.apple.product-type.bundle.ui-testing";
		};
/* End PBXNativeTarget section */

/* Begin PBXProject section */
		A52DBD3328641E4C00436566 /* Project object */ = {
			isa = PBXProject;
			attributes = {
				BuildIndependentTargetsInParallel = 1;
				LastSwiftUpdateCheck = 1340;
				LastUpgradeCheck = 1340;
				TargetAttributes = {
					A52DBD3E28641E4E00436566 = {
						CreatedOnToolsVersion = 13.4.1;
					};
					A52DBD4428641E4E00436566 = {
						CreatedOnToolsVersion = 13.4.1;
					};
					A52DBD4B28641E4E00436566 = {
						CreatedOnToolsVersion = 13.4.1;
						TestTargetID = A52DBD3E28641E4E00436566;
					};
					A52DBD5728641E4E00436566 = {
						CreatedOnToolsVersion = 13.4.1;
						TestTargetID = A52DBD4428641E4E00436566;
					};
				};
			};
			buildConfigurationList = A52DBD3628641E4C00436566 /* Build configuration list for PBXProject "iOS Simple App" */;
			compatibilityVersion = "Xcode 13.0";
			developmentRegion = en;
			hasScannedForEncodings = 0;
			knownRegions = (
				en,
				Base,
			);
			mainGroup = A52DBD3228641E4C00436566;
			productRefGroup = A52DBD4028641E4E00436566 /* Products */;
			projectDirPath = "";
			projectRoot = "";
			targets = (
				A52DBD3E28641E4E00436566 /* iOS Simple App (iOS) */,
				A52DBD4428641E4E00436566 /* iOS Simple App (macOS) */,
				A52DBD4B28641E4E00436566 /* Tests iOS */,
				A52DBD5728641E4E00436566 /* Tests macOS */,
			);
		};
/* End PBXProject section */

/* Begin PBXResourcesBuildPhase section */
		A52DBD3D28641E4E00436566 /* Resources */ = {
			isa = PBXResourcesBuildPhase;
			buildActionMask = 2147483647;
			files = (
				A52DBD6428641E4E00436566 /* Assets.xcassets in Resources */,
			);
			runOnlyForDeploymentPostprocessing = 0;
		};
		A52DBD4328641E4E00436566 /* Resources */ = {
			isa = PBXResourcesBuildPhase;
			buildActionMask = 2147483647;
			files = (
				A52DBD6528641E4E00436566 /* Assets.xcassets in Resources */,
			);
			runOnlyForDeploymentPostprocessing = 0;
		};
		A52DBD4A28641E4E00436566 /* Resources */ = {
			isa = PBXResourcesBuildPhase;
			buildActionMask = 2147483647;
			files = (
			);
			runOnlyForDeploymentPostprocessing = 0;
		};
		A52DBD5628641E4E00436566 /* Resources */ = {
			isa = PBXResourcesBuildPhase;
			buildActionMask = 2147483647;
			files = (
			);
			runOnlyForDeploymentPostprocessing = 0;
		};
/* End PBXResourcesBuildPhase section */

/* Begin PBXSourcesBuildPhase section */
		A52DBD3B28641E4E00436566 /* Sources */ = {
			isa = PBXSourcesBuildPhase;
			buildActionMask = 2147483647;
			files = (
				A52DBD6228641E4E00436566 /* ContentView.swift in Sources */,
				A52DBD6028641E4E00436566 /* iOS_Simple_AppApp.swift in Sources */,
			);
			runOnlyForDeploymentPostprocessing = 0;
		};
		A52DBD4128641E4E00436566 /* Sources */ = {
			isa = PBXSourcesBuildPhase;
			buildActionMask = 2147483647;
			files = (
				A52DBD6328641E4E00436566 /* ContentView.swift in Sources */,
				A52DBD6128641E4E00436566 /* iOS_Simple_AppApp.swift in Sources */,
			);
			runOnlyForDeploymentPostprocessing = 0;
		};
		A52DBD4828641E4E00436566 /* Sources */ = {
			isa = PBXSourcesBuildPhase;
			buildActionMask = 2147483647;
			files = (
				A52DBD5328641E4E00436566 /* Tests_iOSLaunchTests.swift in Sources */,
				A52DBD5128641E4E00436566 /* Tests_iOS.swift in Sources */,
			);
			runOnlyForDeploymentPostprocessing = 0;
		};
		A52DBD5428641E4E00436566 /* Sources */ = {
			isa = PBXSourcesBuildPhase;
			buildActionMask = 2147483647;
			files = (
				A52DBD5F28641E4E00436566 /* Tests_macOSLaunchTests.swift in Sources */,
				A52DBD5D28641E4E00436566 /* Tests_macOS.swift in Sources */,
			);
			runOnlyForDeploymentPostprocessing = 0;
		};
/* End PBXSourcesBuildPhase section */

/* Begin PBXTargetDependency section */
		A52DBD4E28641E4E00436566 /* PBXTargetDependency */ = {
			isa = PBXTargetDependency;
			target = A52DBD3E28641E4E00436566 /* iOS Simple App (iOS) */;
			targetProxy = A52DBD4D28641E4E00436566 /* PBXContainerItemProxy */;
		};
		A52DBD5A28641E4E00436566 /* PBXTargetDependency */ = {
			isa = PBXTargetDependency;
			target = A52DBD4428641E4E00436566 /* iOS Simple App (macOS) */;
			targetProxy = A52DBD5928641E4E00436566 /* PBXContainerItemProxy */;
		};
/* End PBXTargetDependency section */

/* Begin XCBuildConfiguration section */
		A52DBD6628641E4E00436566 /* Debug */ = {
			isa = XCBuildConfiguration;
			buildSettings = {
				ALWAYS_SEARCH_USER_PATHS = NO;
				CLANG_ANALYZER_NONNULL = YES;
				CLANG_ANALYZER_NUMBER_OBJECT_CONVERSION = YES_AGGRESSIVE;
				CLANG_CXX_LANGUAGE_STANDARD = "gnu++17";
				CLANG_ENABLE_MODULES = YES;
				CLANG_ENABLE_OBJC_ARC = YES;
				CLANG_ENABLE_OBJC_WEAK = YES;
				CLANG_WARN_BLOCK_CAPTURE_AUTORELEASING = YES;
				CLANG_WARN_BOOL_CONVERSION = YES;
				CLANG_WARN_COMMA = YES;
				CLANG_WARN_CONSTANT_CONVERSION = YES;
				CLANG_WARN_DEPRECATED_OBJC_IMPLEMENTATIONS = YES;
				CLANG_WARN_DIRECT_OBJC_ISA_USAGE = YES_ERROR;
				CLANG_WARN_DOCUMENTATION_COMMENTS = YES;
				CLANG_WARN_EMPTY_BODY = YES;
				CLANG_WARN_ENUM_CONVERSION = YES;
				CLANG_WARN_INFINITE_RECURSION = YES;
				CLANG_WARN_INT_CONVERSION = YES;
				CLANG_WARN_NON_LITERAL_NULL_CONVERSION = YES;
				CLANG_WARN_OBJC_IMPLICIT_RETAIN_SELF = YES;
				CLANG_WARN_OBJC_LITERAL_CONVERSION = YES;
				CLANG_WARN_OBJC_ROOT_CLASS = YES_ERROR;
				CLANG_WARN_QUOTED_INCLUDE_IN_FRAMEWORK_HEADER = YES;
				CLANG_WARN_RANGE_LOOP_ANALYSIS = YES;
				CLANG_WARN_STRICT_PROTOTYPES = YES;
				CLANG_WARN_SUSPICIOUS_MOVE = YES;
				CLANG_WARN_UNGUARDED_AVAILABILITY = YES_AGGRESSIVE;
				CLANG_WARN_UNREACHABLE_CODE = YES;
				CLANG_WARN__DUPLICATE_METHOD_MATCH = YES;
				COPY_PHASE_STRIP = NO;
				DEBUG_INFORMATION_FORMAT = dwarf;
				ENABLE_STRICT_OBJC_MSGSEND = YES;
				ENABLE_TESTABILITY = YES;
				GCC_C_LANGUAGE_STANDARD = gnu11;
				GCC_DYNAMIC_NO_PIC = NO;
				GCC_NO_COMMON_BLOCKS = YES;
				GCC_OPTIMIZATION_LEVEL = 0;
				GCC_PREPROCESSOR_DEFINITIONS = (
					"DEBUG=1",
					"$(inherited)",
				);
				GCC_WARN_64_TO_32_BIT_CONVERSION = YES;
				GCC_WARN_ABOUT_RETURN_TYPE = YES_ERROR;
				GCC_WARN_UNDECLARED_SELECTOR = YES;
				GCC_WARN_UNINITIALIZED_AUTOS = YES_AGGRESSIVE;
				GCC_WARN_UNUSED_FUNCTION = YES;
				GCC_WARN_UNUSED_VARIABLE = YES;
				MTL_ENABLE_DEBUG_INFO = INCLUDE_SOURCE;
				MTL_FAST_MATH = YES;
				ONLY_ACTIVE_ARCH = YES;
				SWIFT_ACTIVE_COMPILATION_CONDITIONS = DEBUG;
				SWIFT_OPTIMIZATION_LEVEL = "-Onone";
			};
			name = Debug;
		};
		A52DBD6728641E4E00436566 /* Release */ = {
			isa = XCBuildConfiguration;
			buildSettings = {
				ALWAYS_SEARCH_USER_PATHS = NO;
				CLANG_ANALYZER_NONNULL = YES;
				CLANG_ANALYZER_NUMBER_OBJECT_CONVERSION = YES_AGGRESSIVE;
				CLANG_CXX_LANGUAGE_STANDARD = "gnu++17";
				CLANG_ENABLE_MODULES = YES;
				CLANG_ENABLE_OBJC_ARC = YES;
				CLANG_ENABLE_OBJC_WEAK = YES;
				CLANG_WARN_BLOCK_CAPTURE_AUTORELEASING = YES;
				CLANG_WARN_BOOL_CONVERSION = YES;
				CLANG_WARN_COMMA = YES;
				CLANG_WARN_CONSTANT_CONVERSION = YES;
				CLANG_WARN_DEPRECATED_OBJC_IMPLEMENTATIONS = YES;
				CLANG_WARN_DIRECT_OBJC_ISA_USAGE = YES_ERROR;
				CLANG_WARN_DOCUMENTATION_COMMENTS = YES;
				CLANG_WARN_EMPTY_BODY = YES;
				CLANG_WARN_ENUM_CONVERSION = YES;
				CLANG_WARN_INFINITE_RECURSION = YES;
				CLANG_WARN_INT_CONVERSION = YES;
				CLANG_WARN_NON_LITERAL_NULL_CONVERSION = YES;
				CLANG_WARN_OBJC_IMPLICIT_RETAIN_SELF = YES;
				CLANG_WARN_OBJC_LITERAL_CONVERSION = YES;
				CLANG_WARN_OBJC_ROOT_CLASS = YES_ERROR;
				CLANG_WARN_QUOTED_INCLUDE_IN_FRAMEWORK_HEADER = YES;
				CLANG_WARN_RANGE_LOOP_ANALYSIS = YES;
				CLANG_WARN_STRICT_PROTOTYPES = YES;
				CLANG_WARN_SUSPICIOUS_MOVE = YES;
				CLANG_WARN_UNGUARDED_AVAILABILITY = YES_AGGRESSIVE;
				CLANG_WARN_UNREACHABLE_CODE = YES;
				CLANG_WARN__DUPLICATE_METHOD_MATCH = YES;
				COPY_PHASE_STRIP = NO;
				DEBUG_INFORMATION_FORMAT = "dwarf-with-dsym";
				ENABLE_NS_ASSERTIONS = NO;
				ENABLE_STRICT_OBJC_MSGSEND = YES;
				GCC_C_LANGUAGE_STANDARD = gnu11;
				GCC_NO_COMMON_BLOCKS = YES;
				GCC_WARN_64_TO_32_BIT_CONVERSION = YES;
				GCC_WARN_ABOUT_RETURN_TYPE = YES_ERROR;
				GCC_WARN_UNDECLARED_SELECTOR = YES;
				GCC_WARN_UNINITIALIZED_AUTOS = YES_AGGRESSIVE;
				GCC_WARN_UNUSED_FUNCTION = YES;
				GCC_WARN_UNUSED_VARIABLE = YES;
				MTL_ENABLE_DEBUG_INFO = NO;
				MTL_FAST_MATH = YES;
				SWIFT_COMPILATION_MODE = wholemodule;
				SWIFT_OPTIMIZATION_LEVEL = "-O";
			};
			name = Release;
		};
		A52DBD6928641E4E00436566 /* Debug */ = {
			isa = XCBuildConfiguration;
			buildSettings = {
				ASSETCATALOG_COMPILER_APPICON_NAME = AppIcon;
				ASSETCATALOG_COMPILER_GLOBAL_ACCENT_COLOR_NAME = AccentColor;
				CODE_SIGN_STYLE = Automatic;
				CURRENT_PROJECT_VERSION = 1;
				DEVELOPMENT_TEAM = 736ZCJN8F3;
				ENABLE_PREVIEWS = YES;
				GENERATE_INFOPLIST_FILE = YES;
				INFOPLIST_KEY_UIApplicationSceneManifest_Generation = YES;
				INFOPLIST_KEY_UIApplicationSupportsIndirectInputEvents = YES;
				INFOPLIST_KEY_UILaunchScreen_Generation = YES;
				INFOPLIST_KEY_UISupportedInterfaceOrientations_iPad = "UIInterfaceOrientationPortrait UIInterfaceOrientationPortraitUpsideDown UIInterfaceOrientationLandscapeLeft UIInterfaceOrientationLandscapeRight";
				INFOPLIST_KEY_UISupportedInterfaceOrientations_iPhone = "UIInterfaceOrientationPortrait UIInterfaceOrientationLandscapeLeft UIInterfaceOrientationLandscapeRight";
				IPHONEOS_DEPLOYMENT_TARGET = 15.5;
				LD_RUNPATH_SEARCH_PATHS = (
					"$(inherited)",
					"@executable_path/Frameworks",
				);
				MARKETING_VERSION = 1.0;
				PRODUCT_BUNDLE_IDENTIFIER = "com.mangofactory.iOS-Simple-App";
				PRODUCT_NAME = "iOS Simple App";
				SDKROOT = iphoneos;
				SWIFT_EMIT_LOC_STRINGS = YES;
				SWIFT_VERSION = 5.0;
				TARGETED_DEVICE_FAMILY = "1,2";
			};
			name = Debug;
		};
		A52DBD6A28641E4E00436566 /* Release */ = {
			isa = XCBuildConfiguration;
			buildSettings = {
				ASSETCATALOG_COMPILER_APPICON_NAME = AppIcon;
				ASSETCATALOG_COMPILER_GLOBAL_ACCENT_COLOR_NAME = AccentColor;
				CODE_SIGN_STYLE = Automatic;
				CURRENT_PROJECT_VERSION = 1;
				DEVELOPMENT_TEAM = 736ZCJN8F3;
				ENABLE_PREVIEWS = YES;
				GENERATE_INFOPLIST_FILE = YES;
				INFOPLIST_KEY_UIApplicationSceneManifest_Generation = YES;
				INFOPLIST_KEY_UIApplicationSupportsIndirectInputEvents = YES;
				INFOPLIST_KEY_UILaunchScreen_Generation = YES;
				INFOPLIST_KEY_UISupportedInterfaceOrientations_iPad = "UIInterfaceOrientationPortrait UIInterfaceOrientationPortraitUpsideDown UIInterfaceOrientationLandscapeLeft UIInterfaceOrientationLandscapeRight";
				INFOPLIST_KEY_UISupportedInterfaceOrientations_iPhone = "UIInterfaceOrientationPortrait UIInterfaceOrientationLandscapeLeft UIInterfaceOrientationLandscapeRight";
				IPHONEOS_DEPLOYMENT_TARGET = 15.5;
				LD_RUNPATH_SEARCH_PATHS = (
					"$(inherited)",
					"@executable_path/Frameworks",
				);
				MARKETING_VERSION = 1.0;
				PRODUCT_BUNDLE_IDENTIFIER = "com.mangofactory.iOS-Simple-App";
				PRODUCT_NAME = "iOS Simple App";
				SDKROOT = iphoneos;
				SWIFT_EMIT_LOC_STRINGS = YES;
				SWIFT_VERSION = 5.0;
				TARGETED_DEVICE_FAMILY = "1,2";
				VALIDATE_PRODUCT = YES;
			};
			name = Release;
		};
		A52DBD6C28641E4E00436566 /* Debug */ = {
			isa = XCBuildConfiguration;
			buildSettings = {
				ASSETCATALOG_COMPILER_APPICON_NAME = AppIcon;
				ASSETCATALOG_COMPILER_GLOBAL_ACCENT_COLOR_NAME = AccentColor;
				CODE_SIGN_ENTITLEMENTS = macOS/macOS.entitlements;
				CODE_SIGN_STYLE = Automatic;
				COMBINE_HIDPI_IMAGES = YES;
				CURRENT_PROJECT_VERSION = 1;
				DEVELOPMENT_TEAM = 736ZCJN8F3;
				ENABLE_HARDENED_RUNTIME = YES;
				ENABLE_PREVIEWS = YES;
				GENERATE_INFOPLIST_FILE = YES;
				INFOPLIST_KEY_NSHumanReadableCopyright = "";
				LD_RUNPATH_SEARCH_PATHS = (
					"$(inherited)",
					"@executable_path/../Frameworks",
				);
				MACOSX_DEPLOYMENT_TARGET = 12.3;
				MARKETING_VERSION = 1.0;
				PRODUCT_BUNDLE_IDENTIFIER = "com.mangofactory.iOS-Simple-App";
				PRODUCT_NAME = "iOS Simple App";
				SDKROOT = macosx;
				SWIFT_EMIT_LOC_STRINGS = YES;
				SWIFT_VERSION = 5.0;
			};
			name = Debug;
		};
		A52DBD6D28641E4E00436566 /* Release */ = {
			isa = XCBuildConfiguration;
			buildSettings = {
				ASSETCATALOG_COMPILER_APPICON_NAME = AppIcon;
				ASSETCATALOG_COMPILER_GLOBAL_ACCENT_COLOR_NAME = AccentColor;
				CODE_SIGN_ENTITLEMENTS = macOS/macOS.entitlements;
				CODE_SIGN_STYLE = Automatic;
				COMBINE_HIDPI_IMAGES = YES;
				CURRENT_PROJECT_VERSION = 1;
				DEVELOPMENT_TEAM = 736ZCJN8F3;
				ENABLE_HARDENED_RUNTIME = YES;
				ENABLE_PREVIEWS = YES;
				GENERATE_INFOPLIST_FILE = YES;
				INFOPLIST_KEY_NSHumanReadableCopyright = "";
				LD_RUNPATH_SEARCH_PATHS = (
					"$(inherited)",
					"@executable_path/../Frameworks",
				);
				MACOSX_DEPLOYMENT_TARGET = 12.3;
				MARKETING_VERSION = 1.0;
				PRODUCT_BUNDLE_IDENTIFIER = "com.mangofactory.iOS-Simple-App";
				PRODUCT_NAME = "iOS Simple App";
				SDKROOT = macosx;
				SWIFT_EMIT_LOC_STRINGS = YES;
				SWIFT_VERSION = 5.0;
			};
			name = Release;
		};
		A52DBD6F28641E4E00436566 /* Debug */ = {
			isa = XCBuildConfiguration;
			buildSettings = {
				ALWAYS_EMBED_SWIFT_STANDARD_LIBRARIES = YES;
				CODE_SIGN_STYLE = Automatic;
				CURRENT_PROJECT_VERSION = 1;
				DEVELOPMENT_TEAM = 736ZCJN8F3;
				GENERATE_INFOPLIST_FILE = YES;
				IPHONEOS_DEPLOYMENT_TARGET = 15.5;
				MARKETING_VERSION = 1.0;
				PRODUCT_BUNDLE_IDENTIFIER = "com.mangofactory.Tests-iOS";
				PRODUCT_NAME = "$(TARGET_NAME)";
				SDKROOT = iphoneos;
				SWIFT_EMIT_LOC_STRINGS = NO;
				SWIFT_VERSION = 5.0;
				TARGETED_DEVICE_FAMILY = "1,2";
				TEST_TARGET_NAME = "iOS Simple App (iOS)";
			};
			name = Debug;
		};
		A52DBD7028641E4E00436566 /* Release */ = {
			isa = XCBuildConfiguration;
			buildSettings = {
				ALWAYS_EMBED_SWIFT_STANDARD_LIBRARIES = YES;
				CODE_SIGN_STYLE = Automatic;
				CURRENT_PROJECT_VERSION = 1;
				DEVELOPMENT_TEAM = 736ZCJN8F3;
				GENERATE_INFOPLIST_FILE = YES;
				IPHONEOS_DEPLOYMENT_TARGET = 15.5;
				MARKETING_VERSION = 1.0;
				PRODUCT_BUNDLE_IDENTIFIER = "com.mangofactory.Tests-iOS";
				PRODUCT_NAME = "$(TARGET_NAME)";
				SDKROOT = iphoneos;
				SWIFT_EMIT_LOC_STRINGS = NO;
				SWIFT_VERSION = 5.0;
				TARGETED_DEVICE_FAMILY = "1,2";
				TEST_TARGET_NAME = "iOS Simple App (iOS)";
				VALIDATE_PRODUCT = YES;
			};
			name = Release;
		};
		A52DBD7228641E4E00436566 /* Debug */ = {
			isa = XCBuildConfiguration;
			buildSettings = {
				ALWAYS_EMBED_SWIFT_STANDARD_LIBRARIES = YES;
				CODE_SIGN_STYLE = Automatic;
				CURRENT_PROJECT_VERSION = 1;
				DEVELOPMENT_TEAM = 736ZCJN8F3;
				GENERATE_INFOPLIST_FILE = YES;
				MACOSX_DEPLOYMENT_TARGET = 12.3;
				MARKETING_VERSION = 1.0;
				PRODUCT_BUNDLE_IDENTIFIER = "com.mangofactory.Tests-macOS";
				PRODUCT_NAME = "$(TARGET_NAME)";
				SDKROOT = macosx;
				SWIFT_EMIT_LOC_STRINGS = NO;
				SWIFT_VERSION = 5.0;
				TEST_TARGET_NAME = "iOS Simple App (macOS)";
			};
			name = Debug;
		};
		A52DBD7328641E4E00436566 /* Release */ = {
			isa = XCBuildConfiguration;
			buildSettings = {
				ALWAYS_EMBED_SWIFT_STANDARD_LIBRARIES = YES;
				CODE_SIGN_STYLE = Automatic;
				CURRENT_PROJECT_VERSION = 1;
				DEVELOPMENT_TEAM = 736ZCJN8F3;
				GENERATE_INFOPLIST_FILE = YES;
				MACOSX_DEPLOYMENT_TARGET = 12.3;
				MARKETING_VERSION = 1.0;
				PRODUCT_BUNDLE_IDENTIFIER = "com.mangofactory.Tests-macOS";
				PRODUCT_NAME = "$(TARGET_NAME)";
				SDKROOT = macosx;
				SWIFT_EMIT_LOC_STRINGS = NO;
				SWIFT_VERSION = 5.0;
				TEST_TARGET_NAME = "iOS Simple App (macOS)";
			};
			name = Release;
		};
/* End XCBuildConfiguration section */

/* Begin XCConfigurationList section */
		A52DBD3628641E4C00436566 /* Build configuration list for PBXProject "iOS Simple App" */ = {
			isa = XCConfigurationList;
			buildConfigurations = (
				A52DBD6628641E4E00436566 /* Debug */,
				A52DBD6728641E4E00436566 /* Release */,
			);
			defaultConfigurationIsVisible = 0;
			defaultConfigurationName = Release;
		};
		A52DBD6828641E4E00436566 /* Build configuration list for PBXNativeTarget "iOS Simple App (iOS)" */ = {
			isa = XCConfigurationList;
			buildConfigurations = (
				A52DBD6928641E4E00436566 /* Debug */,
				A52DBD6A28641E4E00436566 /* Release */,
			);
			defaultConfigurationIsVisible = 0;
			defaultConfigurationName = Release;
		};
		A52DBD6B28641E4E00436566 /* Build configuration list for PBXNativeTarget "iOS Simple App (macOS)" */ = {
			isa = XCConfigurationList;
			buildConfigurations = (
				A52DBD6C28641E4E00436566 /* Debug */,
				A52DBD6D28641E4E00436566 /* Release */,
			);
			defaultConfigurationIsVisible = 0;
			defaultConfigurationName = Release;
		};
		A52DBD6E28641E4E00436566 /* Build configuration list for PBXNativeTarget "Tests iOS" */ = {
			isa = XCConfigurationList;
			buildConfigurations = (
				A52DBD6F28641E4E00436566 /* Debug */,
				A52DBD7028641E4E00436566 /* Release */,
			);
			defaultConfigurationIsVisible = 0;
			defaultConfigurationName = Release;
		};
		A52DBD7128641E4E00436566 /* Build configuration list for PBXNativeTarget "Tests macOS" */ = {
			isa = XCConfigurationList;
			buildConfigurations = (
				A52DBD7228641E4E00436566 /* Debug */,
				A52DBD7328641E4E00436566 /* Release */,
			);
			defaultConfigurationIsVisible = 0;
			defaultConfigurationName = Release;
		};
/* End XCConfigurationList section */
	};
	rootObject = A52DBD3328641E4C00436566 /* Project object */;
}
